{
  "name": "weekly_psd_30",
  "version": "1.0",
  "lockfileVersion": 1,
  "requires": true,
  "dependencies": {
    "d": {
      "version": "0.1.1",
      "resolved": "https://registry.npmjs.org/d/-/d-0.1.1.tgz",
      "integrity": "sha1-2hhMU10Y2O57oqoim5FACfrhEwk=",
      "dev": true,
      "requires": {
        "es5-ext": "0.10.12"
      }
    },
    "es5-ext": {
      "version": "0.10.12",
      "resolved": "https://registry.npmjs.org/es5-ext/-/es5-ext-0.10.12.tgz",
      "integrity": "sha1-qoRkHU23a2Krul5F/YBey6sUAEc=",
      "dev": true,
      "requires": {
        "es6-iterator": "2.0.0",
        "es6-symbol": "3.1.0"
      }
    },
    "es6-iterator": {
      "version": "2.0.0",
      "resolved": "https://registry.npmjs.org/es6-iterator/-/es6-iterator-2.0.0.tgz",
      "integrity": "sha1-vZaFZ9YWNeM8C4BydhPJy0sJa6w=",
      "dev": true,
      "requires": {
        "d": "0.1.1",
        "es5-ext": "0.10.12",
        "es6-symbol": "3.1.0"
      }
    },
    "es6-symbol": {
      "version": "3.1.0",
      "resolved": "https://registry.npmjs.org/es6-symbol/-/es6-symbol-3.1.0.tgz",
      "integrity": "sha1-lEgcZV56fK2C66gy2X1UM0ltf/o=",
      "dev": true,
      "requires": {
        "d": "0.1.1",
        "es5-ext": "0.10.12"
      }
    }
  }
}
